
Microsoft Visual Studio Solution File, Format Version 12.00
# Visual Studio Version 16
VisualStudioVersion = 25.0.1706.4
MinimumVisualStudioVersion = 10.0.40219.1
Project("{FAE04EC0-301F-11D3-BF4B-00C04F79EFBC}") = "csharp colsole app", "csharp colsole app\csharp colsole app.csproj", "{25756C84-BBF4-42A3-B4E6-7D6C67D87CBC}"
EndProject
Project("{FAE04EC0-301F-11D3-BF4B-00C04F79EFBC}") = "ConsoleApp1", "ConsoleApp1\ConsoleApp1.csproj", "{4942F747-0100-4917-9B79-910A6043E304}"
EndProject
Project("{FAE04EC0-301F-11D3-BF4B-00C04F79EFBC}") = "grpc client", "grpc client\grpc client.csproj", "{7DCBB151-22E6-43AA-AEFA-636919C90E4A}"
EndProject
Project("{FAE04EC0-301F-11D3-BF4B-00C04F79EFBC}") = "grpc server", "grpc server\grpc server.csproj", "{37B0B68E-8C80-4AA0-833B-216F6F483A3B}"
EndProject
Global
	GlobalSection(SolutionConfigurationPlatforms) = preSolution
		Debug|Any CPU = Debug|Any CPU
		Release|Any CPU = Release|Any CPU
	EndGlobalSection
	GlobalSection(ProjectConfigurationPlatforms) = postSolution
		{25756C84-BBF4-42A3-B4E6-7D6C67D87CBC}.Debug|Any CPU.ActiveCfg = Debug|Any CPU
		{25756C84-BBF4-42A3-B4E6-7D6C67D87CBC}.Debug|Any CPU.Build.0 = Debug|Any CPU
		{25756C84-BBF4-42A3-B4E6-7D6C67D87CBC}.Release|Any CPU.ActiveCfg = Release|Any CPU
		{25756C84-BBF4-42A3-B4E6-7D6C67D87CBC}.Release|Any CPU.Build.0 = Release|Any CPU
		{4942F747-0100-4917-9B79-910A6043E304}.Debug|Any CPU.ActiveCfg = Debug|Any CPU
		{4942F747-0100-4917-9B79-910A6043E304}.Debug|Any CPU.Build.0 = Debug|Any CPU
		{4942F747-0100-4917-9B79-910A6043E304}.Release|Any CPU.ActiveCfg = Release|Any CPU
		{4942F747-0100-4917-9B79-910A6043E304}.Release|Any CPU.Build.0 = Release|Any CPU
		{7DCBB151-22E6-43AA-AEFA-636919C90E4A}.Debug|Any CPU.ActiveCfg = Debug|Any CPU
		{7DCBB151-22E6-43AA-AEFA-636919C90E4A}.Debug|Any CPU.Build.0 = Debug|Any CPU
		{7DCBB151-22E6-43AA-AEFA-636919C90E4A}.Release|Any CPU.ActiveCfg = Release|Any CPU
		{7DCBB151-22E6-43AA-AEFA-636919C90E4A}.Release|Any CPU.Build.0 = Release|Any CPU
		{37B0B68E-8C80-4AA0-833B-216F6F483A3B}.Debug|Any CPU.ActiveCfg = Debug|Any CPU
		{37B0B68E-8C80-4AA0-833B-216F6F483A3B}.Debug|Any CPU.Build.0 = Debug|Any CPU
		{37B0B68E-8C80-4AA0-833B-216F6F483A3B}.Release|Any CPU.ActiveCfg = Release|Any CPU
		{37B0B68E-8C80-4AA0-833B-216F6F483A3B}.Release|Any CPU.Build.0 = Release|Any CPU
	EndGlobalSection
	GlobalSection(SolutionProperties) = preSolution
		HideSolutionNode = FALSE
	EndGlobalSection
	GlobalSection(ExtensibilityGlobals) = postSolution
		SolutionGuid = {6475BEB9-FEAB-4476-B8DA-FFCADA124FDB}
	EndGlobalSection
EndGlobal
